// !$*UTF8*$!
{
	archiveVersion = 1;
	classes = {
	};
	objectVersion = 46;
	objects = {

/* Begin PBXBuildFile section */
		6003F58E195388D20070C39A /* Foundation.framework in Frameworks */ = {isa = PBXBuildFile; fileRef = 6003F58D195388D20070C39A /* Foundation.framework */; };
		6003F590195388D20070C39A /* CoreGraphics.framework in Frameworks */ = {isa = PBXBuildFile; fileRef = 6003F58F195388D20070C39A /* CoreGraphics.framework */; };
		6003F592195388D20070C39A /* UIKit.framework in Frameworks */ = {isa = PBXBuildFile; fileRef = 6003F591195388D20070C39A /* UIKit.framework */; };
		6003F598195388D20070C39A /* InfoPlist.strings in Resources */ = {isa = PBXBuildFile; fileRef = 6003F596195388D20070C39A /* InfoPlist.strings */; };
		6003F59A195388D20070C39A /* main.m in Sources */ = {isa = PBXBuildFile; fileRef = 6003F599195388D20070C39A /* main.m */; };
		6003F59E195388D20070C39A /* MadAppDelegate.m in Sources */ = {isa = PBXBuildFile; fileRef = 6003F59D195388D20070C39A /* MadAppDelegate.m */; };
		6003F5A7195388D20070C39A /* MadViewController.m in Sources */ = {isa = PBXBuildFile; fileRef = 6003F5A6195388D20070C39A /* MadViewController.m */; };
		6003F5A9195388D20070C39A /* Images.xcassets in Resources */ = {isa = PBXBuildFile; fileRef = 6003F5A8195388D20070C39A /* Images.xcassets */; };
		6003F5B0195388D20070C39A /* XCTest.framework in Frameworks */ = {isa = PBXBuildFile; fileRef = 6003F5AF195388D20070C39A /* XCTest.framework */; };
		6003F5B1195388D20070C39A /* Foundation.framework in Frameworks */ = {isa = PBXBuildFile; fileRef = 6003F58D195388D20070C39A /* Foundation.framework */; };
		6003F5B2195388D20070C39A /* UIKit.framework in Frameworks */ = {isa = PBXBuildFile; fileRef = 6003F591195388D20070C39A /* UIKit.framework */; };
		6003F5BA195388D20070C39A /* InfoPlist.strings in Resources */ = {isa = PBXBuildFile; fileRef = 6003F5B8195388D20070C39A /* InfoPlist.strings */; };
		873B8AEB1B1F5CCA007FD442 /* Main.storyboard in Resources */ = {isa = PBXBuildFile; fileRef = 873B8AEA1B1F5CCA007FD442 /* Main.storyboard */; };
		B8C6C497A3B78F7AC9F89BCD /* Pods_MadSqlite_Example.framework in Frameworks */ = {isa = PBXBuildFile; fileRef = 97979EA5592260C0A396D901 /* Pods_MadSqlite_Example.framework */; };
		D031C73D1DF0616B0033747C /* MADSqliteFTS5Tests.m in Sources */ = {isa = PBXBuildFile; fileRef = D031C73A1DF0616B0033747C /* MADSqliteFTS5Tests.m */; };
		D031C73E1DF0616B0033747C /* MADSqliteRTreeTests.m in Sources */ = {isa = PBXBuildFile; fileRef = D031C73B1DF0616B0033747C /* MADSqliteRTreeTests.m */; };
		D031C73F1DF0616B0033747C /* MADSqliteTests.m in Sources */ = {isa = PBXBuildFile; fileRef = D031C73C1DF0616B0033747C /* MADSqliteTests.m */; };
		D0D4212C1DF1AC70009F69BD /* MadSqlite.framework in Frameworks */ = {isa = PBXBuildFile; fileRef = D0D4212A1DF1AB96009F69BD /* MadSqlite.framework */; };
		F902FF89E14ADE51824E5599 /* Pods_MadSqlite_Tests.framework in Frameworks */ = {isa = PBXBuildFile; fileRef = B5A9A4F212FE3E5E1B8293A2 /* Pods_MadSqlite_Tests.framework */; };
/* End PBXBuildFile section */

/* Begin PBXContainerItemProxy section */
		6003F5B3195388D20070C39A /* PBXContainerItemProxy */ = {
			isa = PBXContainerItemProxy;
			containerPortal = 6003F582195388D10070C39A /* Project object */;
			proxyType = 1;
			remoteGlobalIDString = 6003F589195388D20070C39A;
			remoteInfo = MadSqlite;
		};
/* End PBXContainerItemProxy section */

/* Begin PBXFileReference section */
		6003F58A195388D20070C39A /* MadSqlite_Example.app */ = {isa = PBXFileReference; explicitFileType = wrapper.application; includeInIndex = 0; path = MadSqlite_Example.app; sourceTree = BUILT_PRODUCTS_DIR; };
		6003F58D195388D20070C39A /* Foundation.framework */ = {isa = PBXFileReference; lastKnownFileType = wrapper.framework; name = Foundation.framework; path = System/Library/Frameworks/Foundation.framework; sourceTree = SDKROOT; };
		6003F58F195388D20070C39A /* CoreGraphics.framework */ = {isa = PBXFileReference; lastKnownFileType = wrapper.framework; name = CoreGraphics.framework; path = System/Library/Frameworks/CoreGraphics.framework; sourceTree = SDKROOT; };
		6003F591195388D20070C39A /* UIKit.framework */ = {isa = PBXFileReference; lastKnownFileType = wrapper.framework; name = UIKit.framework; path = System/Library/Frameworks/UIKit.framework; sourceTree = SDKROOT; };
		6003F595195388D20070C39A /* MadSqlite-Info.plist */ = {isa = PBXFileReference; lastKnownFileType = text.plist.xml; path = "MadSqlite-Info.plist"; sourceTree = "<group>"; };
		6003F597195388D20070C39A /* en */ = {isa = PBXFileReference; lastKnownFileType = text.plist.strings; name = en; path = en.lproj/InfoPlist.strings; sourceTree = "<group>"; };
		6003F599195388D20070C39A /* main.m */ = {isa = PBXFileReference; lastKnownFileType = sourcecode.c.objc; path = main.m; sourceTree = "<group>"; };
		6003F59B195388D20070C39A /* MadSqlite-Prefix.pch */ = {isa = PBXFileReference; lastKnownFileType = sourcecode.c.h; path = "MadSqlite-Prefix.pch"; sourceTree = "<group>"; };
		6003F59C195388D20070C39A /* MadAppDelegate.h */ = {isa = PBXFileReference; lastKnownFileType = sourcecode.c.h; path = MadAppDelegate.h; sourceTree = "<group>"; };
		6003F59D195388D20070C39A /* MadAppDelegate.m */ = {isa = PBXFileReference; lastKnownFileType = sourcecode.c.objc; path = MadAppDelegate.m; sourceTree = "<group>"; };
		6003F5A5195388D20070C39A /* MadViewController.h */ = {isa = PBXFileReference; lastKnownFileType = sourcecode.c.h; path = MadViewController.h; sourceTree = "<group>"; };
		6003F5A6195388D20070C39A /* MadViewController.m */ = {isa = PBXFileReference; lastKnownFileType = sourcecode.c.objc; path = MadViewController.m; sourceTree = "<group>"; };
		6003F5A8195388D20070C39A /* Images.xcassets */ = {isa = PBXFileReference; lastKnownFileType = folder.assetcatalog; path = Images.xcassets; sourceTree = "<group>"; };
		6003F5AE195388D20070C39A /* MadSqlite_Tests.xctest */ = {isa = PBXFileReference; explicitFileType = wrapper.cfbundle; includeInIndex = 0; path = MadSqlite_Tests.xctest; sourceTree = BUILT_PRODUCTS_DIR; };
		6003F5AF195388D20070C39A /* XCTest.framework */ = {isa = PBXFileReference; lastKnownFileType = wrapper.framework; name = XCTest.framework; path = Library/Frameworks/XCTest.framework; sourceTree = DEVELOPER_DIR; };
		6003F5B7195388D20070C39A /* Tests-Info.plist */ = {isa = PBXFileReference; lastKnownFileType = text.plist.xml; path = "Tests-Info.plist"; sourceTree = "<group>"; };
		6003F5B9195388D20070C39A /* en */ = {isa = PBXFileReference; lastKnownFileType = text.plist.strings; name = en; path = en.lproj/InfoPlist.strings; sourceTree = "<group>"; };
		606FC2411953D9B200FFA9A0 /* Tests-Prefix.pch */ = {isa = PBXFileReference; lastKnownFileType = sourcecode.c.h; path = "Tests-Prefix.pch"; sourceTree = "<group>"; };
		7319FEEE9DA13494C8BB30E3 /* Pods-MadSqlite_Tests.release.xcconfig */ = {isa = PBXFileReference; includeInIndex = 1; lastKnownFileType = text.xcconfig; name = "Pods-MadSqlite_Tests.release.xcconfig"; path = "Pods/Target Support Files/Pods-MadSqlite_Tests/Pods-MadSqlite_Tests.release.xcconfig"; sourceTree = "<group>"; };
		873B8AEA1B1F5CCA007FD442 /* Main.storyboard */ = {isa = PBXFileReference; fileEncoding = 4; lastKnownFileType = file.storyboard; path = Main.storyboard; sourceTree = "<group>"; };
		97979EA5592260C0A396D901 /* Pods_MadSqlite_Example.framework */ = {isa = PBXFileReference; explicitFileType = wrapper.framework; includeInIndex = 0; path = Pods_MadSqlite_Example.framework; sourceTree = BUILT_PRODUCTS_DIR; };
		9EB3979020A1472641722382 /* Pods-MadSqlite_Example.release.xcconfig */ = {isa = PBXFileReference; includeInIndex = 1; lastKnownFileType = text.xcconfig; name = "Pods-MadSqlite_Example.release.xcconfig"; path = "Pods/Target Support Files/Pods-MadSqlite_Example/Pods-MadSqlite_Example.release.xcconfig"; sourceTree = "<group>"; };
		B5A9A4F212FE3E5E1B8293A2 /* Pods_MadSqlite_Tests.framework */ = {isa = PBXFileReference; explicitFileType = wrapper.framework; includeInIndex = 0; path = Pods_MadSqlite_Tests.framework; sourceTree = BUILT_PRODUCTS_DIR; };
		C2AF023F15DC583B94D0202B /* Pods-MadSqlite_Example.debug.xcconfig */ = {isa = PBXFileReference; includeInIndex = 1; lastKnownFileType = text.xcconfig; name = "Pods-MadSqlite_Example.debug.xcconfig"; path = "Pods/Target Support Files/Pods-MadSqlite_Example/Pods-MadSqlite_Example.debug.xcconfig"; sourceTree = "<group>"; };
		D031C73A1DF0616B0033747C /* MADSqliteFTS5Tests.m */ = {isa = PBXFileReference; lastKnownFileType = sourcecode.c.objc; path = MADSqliteFTS5Tests.m; sourceTree = "<group>"; };
		D031C73B1DF0616B0033747C /* MADSqliteRTreeTests.m */ = {isa = PBXFileReference; lastKnownFileType = sourcecode.c.objc; path = MADSqliteRTreeTests.m; sourceTree = "<group>"; };
		D031C73C1DF0616B0033747C /* MADSqliteTests.m */ = {isa = PBXFileReference; lastKnownFileType = sourcecode.c.objc; path = MADSqliteTests.m; sourceTree = "<group>"; };
		D0D421281DF1AB5F009F69BD /* Pods_MadSqlite_Example.framework */ = {isa = PBXFileReference; lastKnownFileType = wrapper.framework; name = Pods_MadSqlite_Example.framework; path = "../../../../../Library/Developer/Xcode/DerivedData/MadSqlite-bdyjkkyqisibchfwjtyuviecjsox/Build/Products/Debug-iphonesimulator/Pods_MadSqlite_Example.framework"; sourceTree = "<group>"; };
		D0D4212A1DF1AB96009F69BD /* MadSqlite.framework */ = {isa = PBXFileReference; lastKnownFileType = wrapper.framework; name = MadSqlite.framework; path = "../../../../../Library/Developer/Xcode/DerivedData/MadSqlite-bdyjkkyqisibchfwjtyuviecjsox/Build/Products/Debug-iphonesimulator/MadSqlite/MadSqlite.framework"; sourceTree = "<group>"; };
		E36A472F216F51361A3142F3 /* Pods-MadSqlite_Tests.debug.xcconfig */ = {isa = PBXFileReference; includeInIndex = 1; lastKnownFileType = text.xcconfig; name = "Pods-MadSqlite_Tests.debug.xcconfig"; path = "Pods/Target Support Files/Pods-MadSqlite_Tests/Pods-MadSqlite_Tests.debug.xcconfig"; sourceTree = "<group>"; };
		E8E2102BAED3768758EF6F8D /* MadSqlite.podspec */ = {isa = PBXFileReference; includeInIndex = 1; lastKnownFileType = text; name = MadSqlite.podspec; path = ../MadSqlite.podspec; sourceTree = "<group>"; };
		FA8A19F37EA5456FD85A9DF7 /* README.md */ = {isa = PBXFileReference; includeInIndex = 1; lastKnownFileType = net.daringfireball.markdown; name = README.md; path = ../README.md; sourceTree = "<group>"; };
/* End PBXFileReference section */

/* Begin PBXFrameworksBuildPhase section */
		6003F587195388D20070C39A /* Frameworks */ = {
			isa = PBXFrameworksBuildPhase;
			buildActionMask = 2147483647;
			files = (
				6003F590195388D20070C39A /* CoreGraphics.framework in Frameworks */,
				6003F592195388D20070C39A /* UIKit.framework in Frameworks */,
				6003F58E195388D20070C39A /* Foundation.framework in Frameworks */,
				B8C6C497A3B78F7AC9F89BCD /* Pods_MadSqlite_Example.framework in Frameworks */,
			);
			runOnlyForDeploymentPostprocessing = 0;
		};
		6003F5AB195388D20070C39A /* Frameworks */ = {
			isa = PBXFrameworksBuildPhase;
			buildActionMask = 2147483647;
			files = (
				D0D4212C1DF1AC70009F69BD /* MadSqlite.framework in Frameworks */,
				6003F5B0195388D20070C39A /* XCTest.framework in Frameworks */,
				6003F5B2195388D20070C39A /* UIKit.framework in Frameworks */,
				6003F5B1195388D20070C39A /* Foundation.framework in Frameworks */,
				F902FF89E14ADE51824E5599 /* Pods_MadSqlite_Tests.framework in Frameworks */,
			);
			runOnlyForDeploymentPostprocessing = 0;
		};
/* End PBXFrameworksBuildPhase section */

/* Begin PBXGroup section */
		6003F581195388D10070C39A = {
			isa = PBXGroup;
			children = (
				60FF7A9C1954A5C5007DD14C /* Podspec Metadata */,
				6003F593195388D20070C39A /* Example for MadSqlite */,
				6003F5B5195388D20070C39A /* Tests */,
				6003F58C195388D20070C39A /* Frameworks */,
				6003F58B195388D20070C39A /* Products */,
				64E4140AD13E2EC2E0923480 /* Pods */,
			);
			sourceTree = "<group>";
		};
		6003F58B195388D20070C39A /* Products */ = {
			isa = PBXGroup;
			children = (
				6003F58A195388D20070C39A /* MadSqlite_Example.app */,
				6003F5AE195388D20070C39A /* MadSqlite_Tests.xctest */,
			);
			name = Products;
			sourceTree = "<group>";
		};
		6003F58C195388D20070C39A /* Frameworks */ = {
			isa = PBXGroup;
			children = (
				D0D4212A1DF1AB96009F69BD /* MadSqlite.framework */,
				D0D421281DF1AB5F009F69BD /* Pods_MadSqlite_Example.framework */,
				6003F58D195388D20070C39A /* Foundation.framework */,
				6003F58F195388D20070C39A /* CoreGraphics.framework */,
				6003F591195388D20070C39A /* UIKit.framework */,
				6003F5AF195388D20070C39A /* XCTest.framework */,
				97979EA5592260C0A396D901 /* Pods_MadSqlite_Example.framework */,
				B5A9A4F212FE3E5E1B8293A2 /* Pods_MadSqlite_Tests.framework */,
			);
			name = Frameworks;
			sourceTree = "<group>";
		};
		6003F593195388D20070C39A /* Example for MadSqlite */ = {
			isa = PBXGroup;
			children = (
				6003F59C195388D20070C39A /* MadAppDelegate.h */,
				6003F59D195388D20070C39A /* MadAppDelegate.m */,
				873B8AEA1B1F5CCA007FD442 /* Main.storyboard */,
				6003F5A5195388D20070C39A /* MadViewController.h */,
				6003F5A6195388D20070C39A /* MadViewController.m */,
				6003F5A8195388D20070C39A /* Images.xcassets */,
				6003F594195388D20070C39A /* Supporting Files */,
			);
			name = "Example for MadSqlite";
			path = MadSqlite;
			sourceTree = "<group>";
		};
		6003F594195388D20070C39A /* Supporting Files */ = {
			isa = PBXGroup;
			children = (
				6003F595195388D20070C39A /* MadSqlite-Info.plist */,
				6003F596195388D20070C39A /* InfoPlist.strings */,
				6003F599195388D20070C39A /* main.m */,
				6003F59B195388D20070C39A /* MadSqlite-Prefix.pch */,
			);
			name = "Supporting Files";
			sourceTree = "<group>";
		};
		6003F5B5195388D20070C39A /* Tests */ = {
			isa = PBXGroup;
			children = (
				D031C73A1DF0616B0033747C /* MADSqliteFTS5Tests.m */,
				D031C73B1DF0616B0033747C /* MADSqliteRTreeTests.m */,
				D031C73C1DF0616B0033747C /* MADSqliteTests.m */,
				6003F5B6195388D20070C39A /* Supporting Files */,
			);
			path = Tests;
			sourceTree = "<group>";
		};
		6003F5B6195388D20070C39A /* Supporting Files */ = {
			isa = PBXGroup;
			children = (
				6003F5B7195388D20070C39A /* Tests-Info.plist */,
				6003F5B8195388D20070C39A /* InfoPlist.strings */,
				606FC2411953D9B200FFA9A0 /* Tests-Prefix.pch */,
			);
			name = "Supporting Files";
			sourceTree = "<group>";
		};
		60FF7A9C1954A5C5007DD14C /* Podspec Metadata */ = {
			isa = PBXGroup;
			children = (
				E8E2102BAED3768758EF6F8D /* MadSqlite.podspec */,
				FA8A19F37EA5456FD85A9DF7 /* README.md */,
			);
			name = "Podspec Metadata";
			sourceTree = "<group>";
		};
		64E4140AD13E2EC2E0923480 /* Pods */ = {
			isa = PBXGroup;
			children = (
				C2AF023F15DC583B94D0202B /* Pods-MadSqlite_Example.debug.xcconfig */,
				9EB3979020A1472641722382 /* Pods-MadSqlite_Example.release.xcconfig */,
				E36A472F216F51361A3142F3 /* Pods-MadSqlite_Tests.debug.xcconfig */,
				7319FEEE9DA13494C8BB30E3 /* Pods-MadSqlite_Tests.release.xcconfig */,
			);
			name = Pods;
			sourceTree = "<group>";
		};
/* End PBXGroup section */

/* Begin PBXNativeTarget section */
		6003F589195388D20070C39A /* MadSqlite_Example */ = {
			isa = PBXNativeTarget;
			buildConfigurationList = 6003F5BF195388D20070C39A /* Build configuration list for PBXNativeTarget "MadSqlite_Example" */;
			buildPhases = (
				41281B23377D49CA38B24589 /* [CP] Check Pods Manifest.lock */,
				6003F586195388D20070C39A /* Sources */,
				6003F587195388D20070C39A /* Frameworks */,
				6003F588195388D20070C39A /* Resources */,
				46C02200CB4D5BBB4AF5E170 /* [CP] Embed Pods Frameworks */,
				C4E2CA7B79060C288E58D455 /* [CP] Copy Pods Resources */,
			);
			buildRules = (
			);
			dependencies = (
			);
			name = MadSqlite_Example;
			productName = MadSqlite;
			productReference = 6003F58A195388D20070C39A /* MadSqlite_Example.app */;
			productType = "com.apple.product-type.application";
		};
		6003F5AD195388D20070C39A /* MadSqlite_Tests */ = {
			isa = PBXNativeTarget;
			buildConfigurationList = 6003F5C2195388D20070C39A /* Build configuration list for PBXNativeTarget "MadSqlite_Tests" */;
			buildPhases = (
				632D6AEA6B2618D6704EB55D /* [CP] Check Pods Manifest.lock */,
				6003F5AA195388D20070C39A /* Sources */,
				6003F5AB195388D20070C39A /* Frameworks */,
				6003F5AC195388D20070C39A /* Resources */,
				6777E8440CDE8D9D0218E63A /* [CP] Embed Pods Frameworks */,
				CA6B743A419D99D3E7747C5F /* [CP] Copy Pods Resources */,
			);
			buildRules = (
			);
			dependencies = (
				6003F5B4195388D20070C39A /* PBXTargetDependency */,
			);
			name = MadSqlite_Tests;
			productName = MadSqliteTests;
			productReference = 6003F5AE195388D20070C39A /* MadSqlite_Tests.xctest */;
			productType = "com.apple.product-type.bundle.unit-test";
		};
/* End PBXNativeTarget section */

/* Begin PBXProject section */
		6003F582195388D10070C39A /* Project object */ = {
			isa = PBXProject;
			attributes = {
				CLASSPREFIX = Mad;
				LastUpgradeCheck = 0720;
				ORGANIZATIONNAME = "William Kamp";
				TargetAttributes = {
					6003F589195388D20070C39A = {
						DevelopmentTeam = TH39V46468;
					};
					6003F5AD195388D20070C39A = {
						TestTargetID = 6003F589195388D20070C39A;
					};
				};
			};
			buildConfigurationList = 6003F585195388D10070C39A /* Build configuration list for PBXProject "MadSqlite" */;
			compatibilityVersion = "Xcode 3.2";
			developmentRegion = English;
			hasScannedForEncodings = 0;
			knownRegions = (
				en,
				Base,
			);
			mainGroup = 6003F581195388D10070C39A;
			productRefGroup = 6003F58B195388D20070C39A /* Products */;
			projectDirPath = "";
			projectRoot = "";
			targets = (
				6003F589195388D20070C39A /* MadSqlite_Example */,
				6003F5AD195388D20070C39A /* MadSqlite_Tests */,
			);
		};
/* End PBXProject section */

/* Begin PBXResourcesBuildPhase section */
		6003F588195388D20070C39A /* Resources */ = {
			isa = PBXResourcesBuildPhase;
			buildActionMask = 2147483647;
			files = (
				873B8AEB1B1F5CCA007FD442 /* Main.storyboard in Resources */,
				6003F5A9195388D20070C39A /* Images.xcassets in Resources */,
				6003F598195388D20070C39A /* InfoPlist.strings in Resources */,
			);
			runOnlyForDeploymentPostprocessing = 0;
		};
		6003F5AC195388D20070C39A /* Resources */ = {
			isa = PBXResourcesBuildPhase;
			buildActionMask = 2147483647;
			files = (
				6003F5BA195388D20070C39A /* InfoPlist.strings in Resources */,
			);
			runOnlyForDeploymentPostprocessing = 0;
		};
/* End PBXResourcesBuildPhase section */

/* Begin PBXShellScriptBuildPhase section */
		41281B23377D49CA38B24589 /* [CP] Check Pods Manifest.lock */ = {
			isa = PBXShellScriptBuildPhase;
			buildActionMask = 2147483647;
			files = (
			);
			inputPaths = (
			);
			name = "[CP] Check Pods Manifest.lock";
			outputPaths = (
			);
			runOnlyForDeploymentPostprocessing = 0;
			shellPath = /bin/sh;
			shellScript = "diff \"${PODS_ROOT}/../Podfile.lock\" \"${PODS_ROOT}/Manifest.lock\" > /dev/null\nif [ $? != 0 ] ; then\n    # print error to STDERR\n    echo \"error: The sandbox is not in sync with the Podfile.lock. Run 'pod install' or update your CocoaPods installation.\" >&2\n    exit 1\nfi\n";
			showEnvVarsInLog = 0;
		};
		46C02200CB4D5BBB4AF5E170 /* [CP] Embed Pods Frameworks */ = {
			isa = PBXShellScriptBuildPhase;
			buildActionMask = 2147483647;
			files = (
			);
			inputPaths = (
			);
			name = "[CP] Embed Pods Frameworks";
			outputPaths = (
			);
			runOnlyForDeploymentPostprocessing = 0;
			shellPath = /bin/sh;
			shellScript = "\"${SRCROOT}/Pods/Target Support Files/Pods-MadSqlite_Example/Pods-MadSqlite_Example-frameworks.sh\"\n";
			showEnvVarsInLog = 0;
		};
		632D6AEA6B2618D6704EB55D /* [CP] Check Pods Manifest.lock */ = {
			isa = PBXShellScriptBuildPhase;
			buildActionMask = 2147483647;
			files = (
			);
			inputPaths = (
			);
			name = "[CP] Check Pods Manifest.lock";
			outputPaths = (
			);
			runOnlyForDeploymentPostprocessing = 0;
			shellPath = /bin/sh;
			shellScript = "diff \"${PODS_ROOT}/../Podfile.lock\" \"${PODS_ROOT}/Manifest.lock\" > /dev/null\nif [ $? != 0 ] ; then\n    # print error to STDERR\n    echo \"error: The sandbox is not in sync with the Podfile.lock. Run 'pod install' or update your CocoaPods installation.\" >&2\n    exit 1\nfi\n";
			showEnvVarsInLog = 0;
		};
		6777E8440CDE8D9D0218E63A /* [CP] Embed Pods Frameworks */ = {
			isa = PBXShellScriptBuildPhase;
			buildActionMask = 2147483647;
			files = (
			);
			inputPaths = (
			);
			name = "[CP] Embed Pods Frameworks";
			outputPaths = (
			);
			runOnlyForDeploymentPostprocessing = 0;
			shellPath = /bin/sh;
			shellScript = "\"${SRCROOT}/Pods/Target Support Files/Pods-MadSqlite_Tests/Pods-MadSqlite_Tests-frameworks.sh\"\n";
			showEnvVarsInLog = 0;
		};
		C4E2CA7B79060C288E58D455 /* [CP] Copy Pods Resources */ = {
			isa = PBXShellScriptBuildPhase;
			buildActionMask = 2147483647;
			files = (
			);
			inputPaths = (
			);
			name = "[CP] Copy Pods Resources";
			outputPaths = (
			);
			runOnlyForDeploymentPostprocessing = 0;
			shellPath = /bin/sh;
			shellScript = "\"${SRCROOT}/Pods/Target Support Files/Pods-MadSqlite_Example/Pods-MadSqlite_Example-resources.sh\"\n";
			showEnvVarsInLog = 0;
		};
		CA6B743A419D99D3E7747C5F /* [CP] Copy Pods Resources */ = {
			isa = PBXShellScriptBuildPhase;
			buildActionMask = 2147483647;
			files = (
			);
			inputPaths = (
			);
			name = "[CP] Copy Pods Resources";
			outputPaths = (
			);
			runOnlyForDeploymentPostprocessing = 0;
			shellPath = /bin/sh;
			shellScript = "\"${SRCROOT}/Pods/Target Support Files/Pods-MadSqlite_Tests/Pods-MadSqlite_Tests-resources.sh\"\n";
			showEnvVarsInLog = 0;
		};
/* End PBXShellScriptBuildPhase section */

/* Begin PBXSourcesBuildPhase section */
		6003F586195388D20070C39A /* Sources */ = {
			isa = PBXSourcesBuildPhase;
			buildActionMask = 2147483647;
			files = (
				6003F59E195388D20070C39A /* MadAppDelegate.m in Sources */,
				6003F5A7195388D20070C39A /* MadViewController.m in Sources */,
				6003F59A195388D20070C39A /* main.m in Sources */,
			);
			runOnlyForDeploymentPostprocessing = 0;
		};
		6003F5AA195388D20070C39A /* Sources */ = {
			isa = PBXSourcesBuildPhase;
			buildActionMask = 2147483647;
			files = (
				D031C73D1DF0616B0033747C /* MADSqliteFTS5Tests.m in Sources */,
				D031C73E1DF0616B0033747C /* MADSqliteRTreeTests.m in Sources */,
				D031C73F1DF0616B0033747C /* MADSqliteTests.m in Sources */,
			);
			runOnlyForDeploymentPostprocessing = 0;
		};
/* End PBXSourcesBuildPhase section */

/* Begin PBXTargetDependency section */
		6003F5B4195388D20070C39A /* PBXTargetDependency */ = {
			isa = PBXTargetDependency;
			target = 6003F589195388D20070C39A /* MadSqlite_Example */;
			targetProxy = 6003F5B3195388D20070C39A /* PBXContainerItemProxy */;
		};
/* End PBXTargetDependency section */

/* Begin PBXVariantGroup section */
		6003F596195388D20070C39A /* InfoPlist.strings */ = {
			isa = PBXVariantGroup;
			children = (
				6003F597195388D20070C39A /* en */,
			);
			name = InfoPlist.strings;
			sourceTree = "<group>";
		};
		6003F5B8195388D20070C39A /* InfoPlist.strings */ = {
			isa = PBXVariantGroup;
			children = (
				6003F5B9195388D20070C39A /* en */,
			);
			name = InfoPlist.strings;
			sourceTree = "<group>";
		};
/* End PBXVariantGroup section */

/* Begin XCBuildConfiguration section */
		6003F5BD195388D20070C39A /* Debug */ = {
			isa = XCBuildConfiguration;
			buildSettings = {
				ALWAYS_SEARCH_USER_PATHS = NO;
				CLANG_CXX_LANGUAGE_STANDARD = "gnu++0x";
				CLANG_CXX_LIBRARY = "libc++";
				CLANG_ENABLE_MODULES = YES;
				CLANG_ENABLE_OBJC_ARC = YES;
				CLANG_WARN_BOOL_CONVERSION = YES;
				CLANG_WARN_CONSTANT_CONVERSION = YES;
				CLANG_WARN_DIRECT_OBJC_ISA_USAGE = YES_ERROR;
				CLANG_WARN_EMPTY_BODY = YES;
				CLANG_WARN_ENUM_CONVERSION = YES;
				CLANG_WARN_INT_CONVERSION = YES;
				CLANG_WARN_OBJC_ROOT_CLASS = YES_ERROR;
				CLANG_WARN__DUPLICATE_METHOD_MATCH = YES;
				"CODE_SIGN_IDENTITY[sdk=iphoneos*]" = "iPhone Developer";
				COPY_PHASE_STRIP = NO;
				ENABLE_TESTABILITY = YES;
				GCC_C_LANGUAGE_STANDARD = gnu99;
				GCC_DYNAMIC_NO_PIC = NO;
				GCC_OPTIMIZATION_LEVEL = 0;
				GCC_PREPROCESSOR_DEFINITIONS = (
					"DEBUG=1",
					"$(inherited)",
				);
				GCC_SYMBOLS_PRIVATE_EXTERN = NO;
				GCC_WARN_64_TO_32_BIT_CONVERSION = YES;
				GCC_WARN_ABOUT_RETURN_TYPE = YES_ERROR;
				GCC_WARN_UNDECLARED_SELECTOR = YES;
				GCC_WARN_UNINITIALIZED_AUTOS = YES_AGGRESSIVE;
				GCC_WARN_UNUSED_FUNCTION = YES;
				GCC_WARN_UNUSED_VARIABLE = YES;
				IPHONEOS_DEPLOYMENT_TARGET = 8.3;
				ONLY_ACTIVE_ARCH = YES;
				SDKROOT = iphoneos;
				TARGETED_DEVICE_FAMILY = "1,2";
			};
			name = Debug;
		};
		6003F5BE195388D20070C39A /* Release */ = {
			isa = XCBuildConfiguration;
			buildSettings = {
				ALWAYS_SEARCH_USER_PATHS = NO;
				CLANG_CXX_LANGUAGE_STANDARD = "gnu++0x";
				CLANG_CXX_LIBRARY = "libc++";
				CLANG_ENABLE_MODULES = YES;
				CLANG_ENABLE_OBJC_ARC = YES;
				CLANG_WARN_BOOL_CONVERSION = YES;
				CLANG_WARN_CONSTANT_CONVERSION = YES;
				CLANG_WARN_DIRECT_OBJC_ISA_USAGE = YES_ERROR;
				CLANG_WARN_EMPTY_BODY = YES;
				CLANG_WARN_ENUM_CONVERSION = YES;
				CLANG_WARN_INT_CONVERSION = YES;
				CLANG_WARN_OBJC_ROOT_CLASS = YES_ERROR;
				CLANG_WARN__DUPLICATE_METHOD_MATCH = YES;
				"CODE_SIGN_IDENTITY[sdk=iphoneos*]" = "iPhone Developer";
				COPY_PHASE_STRIP = YES;
				ENABLE_NS_ASSERTIONS = NO;
				GCC_C_LANGUAGE_STANDARD = gnu99;
				GCC_WARN_64_TO_32_BIT_CONVERSION = YES;
				GCC_WARN_ABOUT_RETURN_TYPE = YES_ERROR;
				GCC_WARN_UNDECLARED_SELECTOR = YES;
				GCC_WARN_UNINITIALIZED_AUTOS = YES_AGGRESSIVE;
				GCC_WARN_UNUSED_FUNCTION = YES;
				GCC_WARN_UNUSED_VARIABLE = YES;
				IPHONEOS_DEPLOYMENT_TARGET = 8.3;
				SDKROOT = iphoneos;
				TARGETED_DEVICE_FAMILY = "1,2";
				VALIDATE_PRODUCT = YES;
			};
			name = Release;
		};
		6003F5C0195388D20070C39A /* Debug */ = {
			isa = XCBuildConfiguration;
			baseConfigurationReference = C2AF023F15DC583B94D0202B /* Pods-MadSqlite_Example.debug.xcconfig */;
			buildSettings = {
				ASSETCATALOG_COMPILER_APPICON_NAME = AppIcon;
				ASSETCATALOG_COMPILER_LAUNCHIMAGE_NAME = LaunchImage;
				DEVELOPMENT_TEAM = TH39V46468;
				GCC_PRECOMPILE_PREFIX_HEADER = YES;
				GCC_PREFIX_HEADER = "MadSqlite/MadSqlite-Prefix.pch";
				INFOPLIST_FILE = "MadSqlite/MadSqlite-Info.plist";
				MODULE_NAME = ExampleApp;
				PRODUCT_BUNDLE_IDENTIFIER = "org.cocoapods.demo.${PRODUCT_NAME:rfc1034identifier}";
				PRODUCT_NAME = "$(TARGET_NAME)";
				WRAPPER_EXTENSION = app;
			};
			name = Debug;
		};
		6003F5C1195388D20070C39A /* Release */ = {
			isa = XCBuildConfiguration;
			baseConfigurationReference = 9EB3979020A1472641722382 /* Pods-MadSqlite_Example.release.xcconfig */;
			buildSettings = {
				ASSETCATALOG_COMPILER_APPICON_NAME = AppIcon;
				ASSETCATALOG_COMPILER_LAUNCHIMAGE_NAME = LaunchImage;
				DEVELOPMENT_TEAM = TH39V46468;
				GCC_PRECOMPILE_PREFIX_HEADER = YES;
				GCC_PREFIX_HEADER = "MadSqlite/MadSqlite-Prefix.pch";
				INFOPLIST_FILE = "MadSqlite/MadSqlite-Info.plist";
				MODULE_NAME = ExampleApp;
				PRODUCT_BUNDLE_IDENTIFIER = "org.cocoapods.demo.${PRODUCT_NAME:rfc1034identifier}";
				PRODUCT_NAME = "$(TARGET_NAME)";
				WRAPPER_EXTENSION = app;
			};
			name = Release;
		};
		6003F5C3195388D20070C39A /* Debug */ = {
			isa = XCBuildConfiguration;
			baseConfigurationReference = E36A472F216F51361A3142F3 /* Pods-MadSqlite_Tests.debug.xcconfig */;
			buildSettings = {
				BUNDLE_LOADER = "$(TEST_HOST)";
				FRAMEWORK_SEARCH_PATHS = (
					"\"$PODS_CONFIGURATION_BUILD_DIR/MadSqlite\"",
					"$(inherited)",
				);
				GCC_PRECOMPILE_PREFIX_HEADER = YES;
				GCC_PREFIX_HEADER = "Tests/Tests-Prefix.pch";
				GCC_PREPROCESSOR_DEFINITIONS = (
					"DEBUG=1",
					"$(inherited)",
				);
				INFOPLIST_FILE = "Tests/Tests-Info.plist";
				PRODUCT_BUNDLE_IDENTIFIER = "org.cocoapods.demo.${PRODUCT_NAME:rfc1034identifier}";
				PRODUCT_NAME = "$(TARGET_NAME)";
				TEST_HOST = "$(BUILT_PRODUCTS_DIR)/MadSqlite_Example.app/MadSqlite_Example";
				WRAPPER_EXTENSION = xctest;
			};
			name = Debug;
		};
		6003F5C4195388D20070C39A /* Release */ = {
			isa = XCBuildConfiguration;
			baseConfigurationReference = 7319FEEE9DA13494C8BB30E3 /* Pods-MadSqlite_Tests.release.xcconfig */;
			buildSettings = {
				BUNDLE_LOADER = "$(TEST_HOST)";
				FRAMEWORK_SEARCH_PATHS = (
					"\"$PODS_CONFIGURATION_BUILD_DIR/MadSqlite\"",
					"$(inherited)",
				);
				GCC_PRECOMPILE_PREFIX_HEADER = YES;
				GCC_PREFIX_HEADER = "Tests/Tests-Prefix.pch";
				INFOPLIST_FILE = "Tests/Tests-Info.plist";
				PRODUCT_BUNDLE_IDENTIFIER = "org.cocoapods.demo.${PRODUCT_NAME:rfc1034identifier}";
				PRODUCT_NAME = "$(TARGET_NAME)";
				TEST_HOST = "$(BUILT_PRODUCTS_DIR)/MadSqlite_Example.app/MadSqlite_Example";
				WRAPPER_EXTENSION = xctest;
			};
			name = Release;
		};
/* End XCBuildConfiguration section */

/* Begin XCConfigurationList section */
		6003F585195388D10070C39A /* Build configuration list for PBXProject "MadSqlite" */ = {
			isa = XCConfigurationList;
			buildConfigurations = (
				6003F5BD195388D20070C39A /* Debug */,
				6003F5BE195388D20070C39A /* Release */,
			);
			defaultConfigurationIsVisible = 0;
			defaultConfigurationName = Release;
		};
		6003F5BF195388D20070C39A /* Build configuration list for PBXNativeTarget "MadSqlite_Example" */ = {
			isa = XCConfigurationList;
			buildConfigurations = (
				6003F5C0195388D20070C39A /* Debug */,
				6003F5C1195388D20070C39A /* Release */,
			);
			defaultConfigurationIsVisible = 0;
			defaultConfigurationName = Release;
		};
		6003F5C2195388D20070C39A /* Build configuration list for PBXNativeTarget "MadSqlite_Tests" */ = {
			isa = XCConfigurationList;
			buildConfigurations = (
				6003F5C3195388D20070C39A /* Debug */,
				6003F5C4195388D20070C39A /* Release */,
			);
			defaultConfigurationIsVisible = 0;
			defaultConfigurationName = Release;
		};
/* End XCConfigurationList section */
	};
	rootObject = 6003F582195388D10070C39A /* Project object */;
}
